
Microsoft Visual Studio Solution File, Format Version 12.00
# Visual Studio Version 17
VisualStudioVersion = 17.0.31903.59
MinimumVisualStudioVersion = 10.0.40219.1
Project("{FAE04EC0-301F-11D3-BF4B-00C04F79EFBC}") = "SmartCRM.Domain", "SmartCRM.Domain\SmartCRM.Domain.csproj", "{6FE932E7-5BF2-46FF-9622-2E504EBD7B2B}"
EndProject
Project("{FAE04EC0-301F-11D3-BF4B-00C04F79EFBC}") = "SmartCRM.Application", "SmartCRM.Application\SmartCRM.Application.csproj", "{85F532A6-594C-4661-BF47-EA717DD438D6}"
EndProject
Project("{FAE04EC0-301F-11D3-BF4B-00C04F79EFBC}") = "SmartCRM.Infrastructure", "SmartCRM.Infrastructure\SmartCRM.Infrastructure.csproj", "{1FE9C87F-F6BB-4258-B63E-CDD75F29EB56}"
EndProject
Project("{FAE04EC0-301F-11D3-BF4B-00C04F79EFBC}") = "SmartCRM.API", "SmartCRM.API\SmartCRM.API.csproj", "{B57593DF-B2ED-4243-B7AF-091772D59622}"
EndProject
Global
	GlobalSection(SolutionConfigurationPlatforms) = preSolution
		Debug|Any CPU = Debug|Any CPU
		Debug|x64 = Debug|x64
		Debug|x86 = Debug|x86
		Release|Any CPU = Release|Any CPU
		Release|x64 = Release|x64
		Release|x86 = Release|x86
	EndGlobalSection
	GlobalSection(ProjectConfigurationPlatforms) = postSolution
		{6FE932E7-5BF2-46FF-9622-2E504EBD7B2B}.Debug|Any CPU.ActiveCfg = Debug|Any CPU
		{6FE932E7-5BF2-46FF-9622-2E504EBD7B2B}.Debug|Any CPU.Build.0 = Debug|Any CPU
		{6FE932E7-5BF2-46FF-9622-2E504EBD7B2B}.Debug|x64.ActiveCfg = Debug|Any CPU
		{6FE932E7-5BF2-46FF-9622-2E504EBD7B2B}.Debug|x64.Build.0 = Debug|Any CPU
		{6FE932E7-5BF2-46FF-9622-2E504EBD7B2B}.Debug|x86.ActiveCfg = Debug|Any CPU
		{6FE932E7-5BF2-46FF-9622-2E504EBD7B2B}.Debug|x86.Build.0 = Debug|Any CPU
		{6FE932E7-5BF2-46FF-9622-2E504EBD7B2B}.Release|Any CPU.ActiveCfg = Release|Any CPU
		{6FE932E7-5BF2-46FF-9622-2E504EBD7B2B}.Release|Any CPU.Build.0 = Release|Any CPU
		{6FE932E7-5BF2-46FF-9622-2E504EBD7B2B}.Release|x64.ActiveCfg = Release|Any CPU
		{6FE932E7-5BF2-46FF-9622-2E504EBD7B2B}.Release|x64.Build.0 = Release|Any CPU
		{6FE932E7-5BF2-46FF-9622-2E504EBD7B2B}.Release|x86.ActiveCfg = Release|Any CPU
		{6FE932E7-5BF2-46FF-9622-2E504EBD7B2B}.Release|x86.Build.0 = Release|Any CPU
		{85F532A6-594C-4661-BF47-EA717DD438D6}.Debug|Any CPU.ActiveCfg = Debug|Any CPU
		{85F532A6-594C-4661-BF47-EA717DD438D6}.Debug|Any CPU.Build.0 = Debug|Any CPU
		{85F532A6-594C-4661-BF47-EA717DD438D6}.Debug|x64.ActiveCfg = Debug|Any CPU
		{85F532A6-594C-4661-BF47-EA717DD438D6}.Debug|x64.Build.0 = Debug|Any CPU
		{85F532A6-594C-4661-BF47-EA717DD438D6}.Debug|x86.ActiveCfg = Debug|Any CPU
		{85F532A6-594C-4661-BF47-EA717DD438D6}.Debug|x86.Build.0 = Debug|Any CPU
		{85F532A6-594C-4661-BF47-EA717DD438D6}.Release|Any CPU.ActiveCfg = Release|Any CPU
		{85F532A6-594C-4661-BF47-EA717DD438D6}.Release|Any CPU.Build.0 = Release|Any CPU
		{85F532A6-594C-4661-BF47-EA717DD438D6}.Release|x64.ActiveCfg = Release|Any CPU
		{85F532A6-594C-4661-BF47-EA717DD438D6}.Release|x64.Build.0 = Release|Any CPU
		{85F532A6-594C-4661-BF47-EA717DD438D6}.Release|x86.ActiveCfg = Release|Any CPU
		{85F532A6-594C-4661-BF47-EA717DD438D6}.Release|x86.Build.0 = Release|Any CPU
		{1FE9C87F-F6BB-4258-B63E-CDD75F29EB56}.Debug|Any CPU.ActiveCfg = Debug|Any CPU
		{1FE9C87F-F6BB-4258-B63E-CDD75F29EB56}.Debug|Any CPU.Build.0 = Debug|Any CPU
		{1FE9C87F-F6BB-4258-B63E-CDD75F29EB56}.Debug|x64.ActiveCfg = Debug|Any CPU
		{1FE9C87F-F6BB-4258-B63E-CDD75F29EB56}.Debug|x64.Build.0 = Debug|Any CPU
		{1FE9C87F-F6BB-4258-B63E-CDD75F29EB56}.Debug|x86.ActiveCfg = Debug|Any CPU
		{1FE9C87F-F6BB-4258-B63E-CDD75F29EB56}.Debug|x86.Build.0 = Debug|Any CPU
		{1FE9C87F-F6BB-4258-B63E-CDD75F29EB56}.Release|Any CPU.ActiveCfg = Release|Any CPU
		{1FE9C87F-F6BB-4258-B63E-CDD75F29EB56}.Release|Any CPU.Build.0 = Release|Any CPU
		{1FE9C87F-F6BB-4258-B63E-CDD75F29EB56}.Release|x64.ActiveCfg = Release|Any CPU
		{1FE9C87F-F6BB-4258-B63E-CDD75F29EB56}.Release|x64.Build.0 = Release|Any CPU
		{1FE9C87F-F6BB-4258-B63E-CDD75F29EB56}.Release|x86.ActiveCfg = Release|Any CPU
		{1FE9C87F-F6BB-4258-B63E-CDD75F29EB56}.Release|x86.Build.0 = Release|Any CPU
		{B57593DF-B2ED-4243-B7AF-091772D59622}.Debug|Any CPU.ActiveCfg = Debug|Any CPU
		{B57593DF-B2ED-4243-B7AF-091772D59622}.Debug|Any CPU.Build.0 = Debug|Any CPU
		{B57593DF-B2ED-4243-B7AF-091772D59622}.Debug|x64.ActiveCfg = Debug|Any CPU
		{B57593DF-B2ED-4243-B7AF-091772D59622}.Debug|x64.Build.0 = Debug|Any CPU
		{B57593DF-B2ED-4243-B7AF-091772D59622}.Debug|x86.ActiveCfg = Debug|Any CPU
		{B57593DF-B2ED-4243-B7AF-091772D59622}.Debug|x86.Build.0 = Debug|Any CPU
		{B57593DF-B2ED-4243-B7AF-091772D59622}.Release|Any CPU.ActiveCfg = Release|Any CPU
		{B57593DF-B2ED-4243-B7AF-091772D59622}.Release|Any CPU.Build.0 = Release|Any CPU
		{B57593DF-B2ED-4243-B7AF-091772D59622}.Release|x64.ActiveCfg = Release|Any CPU
		{B57593DF-B2ED-4243-B7AF-091772D59622}.Release|x64.Build.0 = Release|Any CPU
		{B57593DF-B2ED-4243-B7AF-091772D59622}.Release|x86.ActiveCfg = Release|Any CPU
		{B57593DF-B2ED-4243-B7AF-091772D59622}.Release|x86.Build.0 = Release|Any CPU
	EndGlobalSection
	GlobalSection(SolutionProperties) = preSolution
		HideSolutionNode = FALSE
	EndGlobalSection
EndGlobal
